
Microsoft Visual Studio Solution File, Format Version 12.00
# Visual Studio 14
VisualStudioVersion = 14.0.25420.1
MinimumVisualStudioVersion = 10.0.40219.1
Project("{FAE04EC0-301F-11D3-BF4B-00C04F79EFBC}") = "SetNodeCoordinates", "SetNodeCoordinates.csproj", "{F1AF72C6-EBF2-41DB-AB22-BD05B50BCFD5}"
EndProject
Global
	GlobalSection(SolutionConfigurationPlatforms) = preSolution
		Debug|Any CPU = Debug|Any CPU
		Debug|x64 = Debug|x64
		Debug|x86 = Debug|x86
		Deploy|Any CPU = Deploy|Any CPU
		Deploy|x64 = Deploy|x64
		Deploy|x86 = Deploy|x86
		Release|Any CPU = Release|Any CPU
		Release|x64 = Release|x64
		Release|x86 = Release|x86
	EndGlobalSection
	GlobalSection(ProjectConfigurationPlatforms) = postSolution
		{F1AF72C6-EBF2-41DB-AB22-BD05B50BCFD5}.Debug|Any CPU.ActiveCfg = Debug|Any CPU
		{F1AF72C6-EBF2-41DB-AB22-BD05B50BCFD5}.Debug|Any CPU.Build.0 = Debug|Any CPU
		{F1AF72C6-EBF2-41DB-AB22-BD05B50BCFD5}.Debug|x64.ActiveCfg = Debug|Any CPU
		{F1AF72C6-EBF2-41DB-AB22-BD05B50BCFD5}.Debug|x64.Build.0 = Debug|Any CPU
		{F1AF72C6-EBF2-41DB-AB22-BD05B50BCFD5}.Debug|x86.ActiveCfg = Debug|Any CPU
		{F1AF72C6-EBF2-41DB-AB22-BD05B50BCFD5}.Debug|x86.Build.0 = Debug|Any CPU
		{F1AF72C6-EBF2-41DB-AB22-BD05B50BCFD5}.Deploy|Any CPU.ActiveCfg = Debug|Any CPU
		{F1AF72C6-EBF2-41DB-AB22-BD05B50BCFD5}.Deploy|Any CPU.Build.0 = Debug|Any CPU
		{F1AF72C6-EBF2-41DB-AB22-BD05B50BCFD5}.Deploy|x64.ActiveCfg = Debug|Any CPU
		{F1AF72C6-EBF2-41DB-AB22-BD05B50BCFD5}.Deploy|x64.Build.0 = Debug|Any CPU
		{F1AF72C6-EBF2-41DB-AB22-BD05B50BCFD5}.Deploy|x86.ActiveCfg = Debug|Any CPU
		{F1AF72C6-EBF2-41DB-AB22-BD05B50BCFD5}.Deploy|x86.Build.0 = Debug|Any CPU
		{F1AF72C6-EBF2-41DB-AB22-BD05B50BCFD5}.Release|Any CPU.ActiveCfg = Release|Any CPU
		{F1AF72C6-EBF2-41DB-AB22-BD05B50BCFD5}.Release|Any CPU.Build.0 = Release|Any CPU
		{F1AF72C6-EBF2-41DB-AB22-BD05B50BCFD5}.Release|x64.ActiveCfg = Release|Any CPU
		{F1AF72C6-EBF2-41DB-AB22-BD05B50BCFD5}.Release|x64.Build.0 = Release|Any CPU
		{F1AF72C6-EBF2-41DB-AB22-BD05B50BCFD5}.Release|x86.ActiveCfg = Release|Any CPU
		{F1AF72C6-EBF2-41DB-AB22-BD05B50BCFD5}.Release|x86.Build.0 = Release|Any CPU
	EndGlobalSection
	GlobalSection(SolutionProperties) = preSolution
		HideSolutionNode = FALSE
	EndGlobalSection
EndGlobal
